
Microsoft Visual Studio Solution File, Format Version 12.00
# Visual Studio Version 16
VisualStudioVersion = 16.0.29609.76
MinimumVisualStudioVersion = 10.0.40219.1
Project("{8BC9CEB8-8B4A-11D0-8D11-00A0C91BC942}") = "34", "34.vcxproj", "{E7D40A5B-620C-4820-958E-B86672207A24}"
EndProject
Global
	GlobalSection(SolutionConfigurationPlatforms) = preSolution
		Debug|x64 = Debug|x64
		Debug|x86 = Debug|x86
		Release|x64 = Release|x64
		Release|x86 = Release|x86
	EndGlobalSection
	GlobalSection(ProjectConfigurationPlatforms) = postSolution
		{E7D40A5B-620C-4820-958E-B86672207A24}.Debug|x64.ActiveCfg = Debug|x64
		{E7D40A5B-620C-4820-958E-B86672207A24}.Debug|x64.Build.0 = Debug|x64
		{E7D40A5B-620C-4820-958E-B86672207A24}.Debug|x86.ActiveCfg = Debug|Win32
		{E7D40A5B-620C-4820-958E-B86672207A24}.Debug|x86.Build.0 = Debug|Win32
		{E7D40A5B-620C-4820-958E-B86672207A24}.Release|x64.ActiveCfg = Release|x64
		{E7D40A5B-620C-4820-958E-B86672207A24}.Release|x64.Build.0 = Release|x64
		{E7D40A5B-620C-4820-958E-B86672207A24}.Release|x86.ActiveCfg = Release|Win32
		{E7D40A5B-620C-4820-958E-B86672207A24}.Release|x86.Build.0 = Release|Win32
	EndGlobalSection
	GlobalSection(SolutionProperties) = preSolution
		HideSolutionNode = FALSE
	EndGlobalSection
	GlobalSection(ExtensibilityGlobals) = postSolution
		SolutionGuid = {2307A023-084A-470F-A216-E88032F8A5C5}
	EndGlobalSection
EndGlobal
